{
  "name": "kimi seaart clone 3",
  "lockfileVersion": 3,
  "requires": true,
  "packages": {
    "": {
      "dependencies": {
        "aws4fetch": "^1.0.20",
        "civitai": "^0.1.15"
      }
    },
    "node_modules/aws4fetch": {
      "version": "1.0.20",
      "resolved": "https://registry.npmjs.org/aws4fetch/-/aws4fetch-1.0.20.tgz",
      "integrity": "sha512-/djoAN709iY65ETD6LKCtyyEI04XIBP5xVvfmNxsEP0uJB5tyaGBztSryRr4HqMStr9R06PisQE7m9zDTXKu6g==",
      "license": "MIT"
    },
    "node_modules/civitai": {
      "version": "0.1.15",
      "resolved": "https://registry.npmjs.org/civitai/-/civitai-0.1.15.tgz",
      "integrity": "sha512-B2xKKstBNrUqq3FbvisMDt+wkkWRao+KnPPSwi2lK8pPerIIcWkTsECxI2+wHmNO3ss1/xfP6txZR/bIOKXb0g==",
      "dependencies": {
        "tslib": "^2.6.2",
        "zod": "^3.22.4"
      },
      "engines": {
        "git": ">=2.11.0",
        "node": ">=18.0.0",
        "npm": ">=7.19.0",
        "yarn": ">=1.7.0"
      }
    },
    "node_modules/tslib": {
      "version": "2.8.1",
      "resolved": "https://registry.npmjs.org/tslib/-/tslib-2.8.1.tgz",
      "integrity": "sha512-oJFu94HQb+KVduSUQL7wnpmqnfmLsOA/nAh6b6EH0wCEoK0/mPeXU6c3wKDV83MkOuHPRHtSXKKU99IBazS/2w==",
      "license": "0BSD"
    },
    "node_modules/zod": {
      "version": "3.25.76",
      "resolved": "https://registry.npmjs.org/zod/-/zod-3.25.76.tgz",
      "integrity": "sha512-gzUt/qt81nXsFGKIFcC3YnfEAx5NkunCfnDlvuBSSFS02bcXu4Lmea0AFIUwbLWxWPx3d9p8S5QoaujKcNQxcQ==",
      "license": "MIT",
      "funding": {
        "url": "https://github.com/sponsors/colinhacks"
      }
    }
  }
}
